
Microsoft Visual Studio Solution File, Format Version 12.00
# Visual Studio 15
Project("{FAE04EC0-301F-11D3-BF4B-00C04F79EFBC}") = "DualPractice.Android", "DualPractice.Android\DualPractice.Android.csproj", "{E1554E99-CDF1-43ED-BBAF-E14D7818EA8E}"
EndProject
Project("{FAE04EC0-301F-11D3-BF4B-00C04F79EFBC}") = "DualPractice", "DualPractice\DualPractice.csproj", "{AA960C6C-CB18-47D8-81B5-BFF1D3938529}"
EndProject
Global
	GlobalSection(SolutionConfigurationPlatforms) = preSolution
		Debug|Any CPU = Debug|Any CPU
		Release|Any CPU = Release|Any CPU
		Debug|iPhoneSimulator = Debug|iPhoneSimulator
		Release|iPhoneSimulator = Release|iPhoneSimulator
		Debug|iPhone = Debug|iPhone
		Release|iPhone = Release|iPhone
	EndGlobalSection
	GlobalSection(ProjectConfigurationPlatforms) = postSolution
		{E1554E99-CDF1-43ED-BBAF-E14D7818EA8E}.Debug|Any CPU.ActiveCfg = Debug|Any CPU
		{E1554E99-CDF1-43ED-BBAF-E14D7818EA8E}.Debug|Any CPU.Build.0 = Debug|Any CPU
		{E1554E99-CDF1-43ED-BBAF-E14D7818EA8E}.Release|Any CPU.ActiveCfg = Release|Any CPU
		{E1554E99-CDF1-43ED-BBAF-E14D7818EA8E}.Release|Any CPU.Build.0 = Release|Any CPU
		{E1554E99-CDF1-43ED-BBAF-E14D7818EA8E}.Debug|iPhoneSimulator.ActiveCfg = Debug|Any CPU
		{E1554E99-CDF1-43ED-BBAF-E14D7818EA8E}.Debug|iPhoneSimulator.Build.0 = Debug|Any CPU
		{E1554E99-CDF1-43ED-BBAF-E14D7818EA8E}.Release|iPhoneSimulator.ActiveCfg = Release|Any CPU
		{E1554E99-CDF1-43ED-BBAF-E14D7818EA8E}.Release|iPhoneSimulator.Build.0 = Release|Any CPU
		{E1554E99-CDF1-43ED-BBAF-E14D7818EA8E}.Debug|iPhone.ActiveCfg = Debug|Any CPU
		{E1554E99-CDF1-43ED-BBAF-E14D7818EA8E}.Debug|iPhone.Build.0 = Debug|Any CPU
		{E1554E99-CDF1-43ED-BBAF-E14D7818EA8E}.Release|iPhone.ActiveCfg = Release|Any CPU
		{E1554E99-CDF1-43ED-BBAF-E14D7818EA8E}.Release|iPhone.Build.0 = Release|Any CPU
		{AA960C6C-CB18-47D8-81B5-BFF1D3938529}.Debug|Any CPU.ActiveCfg = Debug|Any CPU
		{AA960C6C-CB18-47D8-81B5-BFF1D3938529}.Debug|Any CPU.Build.0 = Debug|Any CPU
		{AA960C6C-CB18-47D8-81B5-BFF1D3938529}.Release|Any CPU.ActiveCfg = Release|Any CPU
		{AA960C6C-CB18-47D8-81B5-BFF1D3938529}.Release|Any CPU.Build.0 = Release|Any CPU
		{AA960C6C-CB18-47D8-81B5-BFF1D3938529}.Debug|iPhoneSimulator.ActiveCfg = Debug|Any CPU
		{AA960C6C-CB18-47D8-81B5-BFF1D3938529}.Debug|iPhoneSimulator.Build.0 = Debug|Any CPU
		{AA960C6C-CB18-47D8-81B5-BFF1D3938529}.Release|iPhoneSimulator.ActiveCfg = Release|Any CPU
		{AA960C6C-CB18-47D8-81B5-BFF1D3938529}.Release|iPhoneSimulator.Build.0 = Release|Any CPU
		{AA960C6C-CB18-47D8-81B5-BFF1D3938529}.Debug|iPhone.ActiveCfg = Debug|Any CPU
		{AA960C6C-CB18-47D8-81B5-BFF1D3938529}.Debug|iPhone.Build.0 = Debug|Any CPU
		{AA960C6C-CB18-47D8-81B5-BFF1D3938529}.Release|iPhone.ActiveCfg = Release|Any CPU
		{AA960C6C-CB18-47D8-81B5-BFF1D3938529}.Release|iPhone.Build.0 = Release|Any CPU
	EndGlobalSection
EndGlobal
